
Microsoft Visual Studio Solution File, Format Version 12.00
# Visual Studio 15
VisualStudioVersion = 15.0.27428.2027
MinimumVisualStudioVersion = 10.0.40219.1
Project("{2150E333-8FDC-42A3-9474-1A3956D46DE8}") = "10.Data", "10.Data", "{4E5BA960-BDA6-46ED-80B7-25975A567833}"
EndProject
Project("{2150E333-8FDC-42A3-9474-1A3956D46DE8}") = "20.UI", "20.UI", "{7A7C669D-022C-4BBD-94B3-5945170D8532}"
EndProject
Project("{FAE04EC0-301F-11D3-BF4B-00C04F79EFBC}") = "PushNotification.Web", "src\PushNotification.Web\PushNotification.Web.csproj", "{ED939FD3-8EBF-4A9B-AA46-487F8127547E}"
EndProject
Project("{FAE04EC0-301F-11D3-BF4B-00C04F79EFBC}") = "PushNotification.Data", "src\PushNotification.Data\PushNotification.Data.csproj", "{7149FB45-27DF-4B40-8F96-31C76C4A4DEB}"
EndProject
Global
	GlobalSection(SolutionConfigurationPlatforms) = preSolution
		Debug|Any CPU = Debug|Any CPU
		Release|Any CPU = Release|Any CPU
	EndGlobalSection
	GlobalSection(ProjectConfigurationPlatforms) = postSolution
		{ED939FD3-8EBF-4A9B-AA46-487F8127547E}.Debug|Any CPU.ActiveCfg = Debug|Any CPU
		{ED939FD3-8EBF-4A9B-AA46-487F8127547E}.Debug|Any CPU.Build.0 = Debug|Any CPU
		{ED939FD3-8EBF-4A9B-AA46-487F8127547E}.Release|Any CPU.ActiveCfg = Release|Any CPU
		{ED939FD3-8EBF-4A9B-AA46-487F8127547E}.Release|Any CPU.Build.0 = Release|Any CPU
		{7149FB45-27DF-4B40-8F96-31C76C4A4DEB}.Debug|Any CPU.ActiveCfg = Debug|Any CPU
		{7149FB45-27DF-4B40-8F96-31C76C4A4DEB}.Debug|Any CPU.Build.0 = Debug|Any CPU
		{7149FB45-27DF-4B40-8F96-31C76C4A4DEB}.Release|Any CPU.ActiveCfg = Release|Any CPU
		{7149FB45-27DF-4B40-8F96-31C76C4A4DEB}.Release|Any CPU.Build.0 = Release|Any CPU
	EndGlobalSection
	GlobalSection(SolutionProperties) = preSolution
		HideSolutionNode = FALSE
	EndGlobalSection
	GlobalSection(NestedProjects) = preSolution
		{ED939FD3-8EBF-4A9B-AA46-487F8127547E} = {7A7C669D-022C-4BBD-94B3-5945170D8532}
		{7149FB45-27DF-4B40-8F96-31C76C4A4DEB} = {4E5BA960-BDA6-46ED-80B7-25975A567833}
	EndGlobalSection
	GlobalSection(ExtensibilityGlobals) = postSolution
		SolutionGuid = {36809EE5-F341-4B5E-9FA1-C2FDD88D95CA}
	EndGlobalSection
EndGlobal
